// !$*UTF8*$!
{
	archiveVersion = 1;
	classes = {
	};
	objectVersion = 50;
	objects = {

/* Begin PBXBuildFile section */
		1545AF062353A7DA000A80B3 /* AppDelegate.swift in Sources */ = {isa = PBXBuildFile; fileRef = 1545AF052353A7DA000A80B3 /* AppDelegate.swift */; };
		1545AF082353A7DA000A80B3 /* SceneDelegate.swift in Sources */ = {isa = PBXBuildFile; fileRef = 1545AF072353A7DA000A80B3 /* SceneDelegate.swift */; };
		1545AF0D2353A7DA000A80B3 /* Main.storyboard in Resources */ = {isa = PBXBuildFile; fileRef = 1545AF0B2353A7DA000A80B3 /* Main.storyboard */; };
		1545AF0F2353A7DA000A80B3 /* Assets.xcassets in Resources */ = {isa = PBXBuildFile; fileRef = 1545AF0E2353A7DA000A80B3 /* Assets.xcassets */; };
		1545AF122353A7DA000A80B3 /* LaunchScreen.storyboard in Resources */ = {isa = PBXBuildFile; fileRef = 1545AF102353A7DA000A80B3 /* LaunchScreen.storyboard */; };
		1545AF1A2353AA8D000A80B3 /* FlixViewController.swift in Sources */ = {isa = PBXBuildFile; fileRef = 1545AF192353AA8D000A80B3 /* FlixViewController.swift */; };
		1545AF1C2353B52F000A80B3 /* MovieTableViewCell.swift in Sources */ = {isa = PBXBuildFile; fileRef = 1545AF1B2353B52F000A80B3 /* MovieTableViewCell.swift */; };
		157C6AB6236288F50086872A /* MoviesDetailsViewController.swift in Sources */ = {isa = PBXBuildFile; fileRef = 157C6AB5236288F50086872A /* MoviesDetailsViewController.swift */; };
		1B002621968ADB40D77815C5 /* Pods_assignment1.framework in Frameworks */ = {isa = PBXBuildFile; fileRef = EE9333355F666F41CBAC5EF1 /* Pods_assignment1.framework */; };
/* End PBXBuildFile section */

/* Begin PBXFileReference section */
		03B4F1F1D47FF4E671C0539B /* Pods-assignment1.release.xcconfig */ = {isa = PBXFileReference; includeInIndex = 1; lastKnownFileType = text.xcconfig; name = "Pods-assignment1.release.xcconfig"; path = "Target Support Files/Pods-assignment1/Pods-assignment1.release.xcconfig"; sourceTree = "<group>"; };
		1545AF022353A7DA000A80B3 /* assignment1.app */ = {isa = PBXFileReference; explicitFileType = wrapper.application; includeInIndex = 0; path = assignment1.app; sourceTree = BUILT_PRODUCTS_DIR; };
		1545AF052353A7DA000A80B3 /* AppDelegate.swift */ = {isa = PBXFileReference; lastKnownFileType = sourcecode.swift; path = AppDelegate.swift; sourceTree = "<group>"; };
		1545AF072353A7DA000A80B3 /* SceneDelegate.swift */ = {isa = PBXFileReference; lastKnownFileType = sourcecode.swift; path = SceneDelegate.swift; sourceTree = "<group>"; };
		1545AF0C2353A7DA000A80B3 /* Base */ = {isa = PBXFileReference; lastKnownFileType = file.storyboard; name = Base; path = Base.lproj/Main.storyboard; sourceTree = "<group>"; };
		1545AF0E2353A7DA000A80B3 /* Assets.xcassets */ = {isa = PBXFileReference; lastKnownFileType = folder.assetcatalog; path = Assets.xcassets; sourceTree = "<group>"; };
		1545AF112353A7DA000A80B3 /* Base */ = {isa = PBXFileReference; lastKnownFileType = file.storyboard; name = Base; path = Base.lproj/LaunchScreen.storyboard; sourceTree = "<group>"; };
		1545AF132353A7DA000A80B3 /* Info.plist */ = {isa = PBXFileReference; lastKnownFileType = text.plist.xml; path = Info.plist; sourceTree = "<group>"; };
		1545AF192353AA8D000A80B3 /* FlixViewController.swift */ = {isa = PBXFileReference; lastKnownFileType = sourcecode.swift; path = FlixViewController.swift; sourceTree = "<group>"; };
		1545AF1B2353B52F000A80B3 /* MovieTableViewCell.swift */ = {isa = PBXFileReference; lastKnownFileType = sourcecode.swift; path = MovieTableViewCell.swift; sourceTree = "<group>"; };
		157C6AB5236288F50086872A /* MoviesDetailsViewController.swift */ = {isa = PBXFileReference; lastKnownFileType = sourcecode.swift; path = MoviesDetailsViewController.swift; sourceTree = "<group>"; };
		AB6F4B0DBDA4C7A663E56A64 /* Pods-assignment1.debug.xcconfig */ = {isa = PBXFileReference; includeInIndex = 1; lastKnownFileType = text.xcconfig; name = "Pods-assignment1.debug.xcconfig"; path = "Target Support Files/Pods-assignment1/Pods-assignment1.debug.xcconfig"; sourceTree = "<group>"; };
		EE9333355F666F41CBAC5EF1 /* Pods_assignment1.framework */ = {isa = PBXFileReference; explicitFileType = wrapper.framework; includeInIndex = 0; path = Pods_assignment1.framework; sourceTree = BUILT_PRODUCTS_DIR; };
/* End PBXFileReference section */

/* Begin PBXFrameworksBuildPhase section */
		1545AEFF2353A7DA000A80B3 /* Frameworks */ = {
			isa = PBXFrameworksBuildPhase;
			buildActionMask = 2147483647;
			files = (
				1B002621968ADB40D77815C5 /* Pods_assignment1.framework in Frameworks */,
			);
			runOnlyForDeploymentPostprocessing = 0;
		};
/* End PBXFrameworksBuildPhase section */

/* Begin PBXGroup section */
		1545AEF92353A7DA000A80B3 = {
			isa = PBXGroup;
			children = (
				1545AF042353A7DA000A80B3 /* assignment1 */,
				1545AF032353A7DA000A80B3 /* Products */,
				7CFC21E008DEE3C23502F2E0 /* Pods */,
				E40BDE247817A75EAB29F947 /* Frameworks */,
			);
			sourceTree = "<group>";
		};
		1545AF032353A7DA000A80B3 /* Products */ = {
			isa = PBXGroup;
			children = (
				1545AF022353A7DA000A80B3 /* assignment1.app */,
			);
			name = Products;
			sourceTree = "<group>";
		};
		1545AF042353A7DA000A80B3 /* assignment1 */ = {
			isa = PBXGroup;
			children = (
				1545AF052353A7DA000A80B3 /* AppDelegate.swift */,
				1545AF072353A7DA000A80B3 /* SceneDelegate.swift */,
				1545AF0B2353A7DA000A80B3 /* Main.storyboard */,
				1545AF0E2353A7DA000A80B3 /* Assets.xcassets */,
				1545AF102353A7DA000A80B3 /* LaunchScreen.storyboard */,
				1545AF132353A7DA000A80B3 /* Info.plist */,
				1545AF192353AA8D000A80B3 /* FlixViewController.swift */,
				1545AF1B2353B52F000A80B3 /* MovieTableViewCell.swift */,
				157C6AB5236288F50086872A /* MoviesDetailsViewController.swift */,
			);
			path = assignment1;
			sourceTree = "<group>";
		};
		7CFC21E008DEE3C23502F2E0 /* Pods */ = {
			isa = PBXGroup;
			children = (
				AB6F4B0DBDA4C7A663E56A64 /* Pods-assignment1.debug.xcconfig */,
				03B4F1F1D47FF4E671C0539B /* Pods-assignment1.release.xcconfig */,
			);
			path = Pods;
			sourceTree = "<group>";
		};
		E40BDE247817A75EAB29F947 /* Frameworks */ = {
			isa = PBXGroup;
			children = (
				EE9333355F666F41CBAC5EF1 /* Pods_assignment1.framework */,
			);
			name = Frameworks;
			sourceTree = "<group>";
		};
/* End PBXGroup section */

/* Begin PBXNativeTarget section */
		1545AF012353A7DA000A80B3 /* assignment1 */ = {
			isa = PBXNativeTarget;
			buildConfigurationList = 1545AF162353A7DA000A80B3 /* Build configuration list for PBXNativeTarget "assignment1" */;
			buildPhases = (
				7E098D575D158104D2C53C82 /* [CP] Check Pods Manifest.lock */,
				1545AEFE2353A7DA000A80B3 /* Sources */,
				1545AEFF2353A7DA000A80B3 /* Frameworks */,
				1545AF002353A7DA000A80B3 /* Resources */,
				309B27E22AF4C79CACB4CE2A /* [CP] Embed Pods Frameworks */,
			);
			buildRules = (
			);
			dependencies = (
			);
			name = assignment1;
			productName = assignment1;
			productReference = 1545AF022353A7DA000A80B3 /* assignment1.app */;
			productType = "com.apple.product-type.application";
		};
/* End PBXNativeTarget section */

/* Begin PBXProject section */
		1545AEFA2353A7DA000A80B3 /* Project object */ = {
			isa = PBXProject;
			attributes = {
				LastSwiftUpdateCheck = 1110;
				LastUpgradeCheck = 1110;
				ORGANIZATIONNAME = assignment1;
				TargetAttributes = {
					1545AF012353A7DA000A80B3 = {
						CreatedOnToolsVersion = 11.1;
					};
				};
			};
			buildConfigurationList = 1545AEFD2353A7DA000A80B3 /* Build configuration list for PBXProject "assignment1" */;
			compatibilityVersion = "Xcode 9.3";
			developmentRegion = en;
			hasScannedForEncodings = 0;
			knownRegions = (
				en,
				Base,
			);
			mainGroup = 1545AEF92353A7DA000A80B3;
			productRefGroup = 1545AF032353A7DA000A80B3 /* Products */;
			projectDirPath = "";
			projectRoot = "";
			targets = (
				1545AF012353A7DA000A80B3 /* assignment1 */,
			);
		};
/* End PBXProject section */

/* Begin PBXResourcesBuildPhase section */
		1545AF002353A7DA000A80B3 /* Resources */ = {
			isa = PBXResourcesBuildPhase;
			buildActionMask = 2147483647;
			files = (
				1545AF122353A7DA000A80B3 /* LaunchScreen.storyboard in Resources */,
				1545AF0F2353A7DA000A80B3 /* Assets.xcassets in Resources */,
				1545AF0D2353A7DA000A80B3 /* Main.storyboard in Resources */,
			);
			runOnlyForDeploymentPostprocessing = 0;
		};
/* End PBXResourcesBuildPhase section */

/* Begin PBXShellScriptBuildPhase section */
		309B27E22AF4C79CACB4CE2A /* [CP] Embed Pods Frameworks */ = {
			isa = PBXShellScriptBuildPhase;
			buildActionMask = 2147483647;
			files = (
			);
			inputFileListPaths = (
			);
			inputPaths = (
				"${PODS_ROOT}/Target Support Files/Pods-assignment1/Pods-assignment1-frameworks.sh",
				"${BUILT_PRODUCTS_DIR}/Alamofire/Alamofire.framework",
				"${BUILT_PRODUCTS_DIR}/AlamofireImage/AlamofireImage.framework",
			);
			name = "[CP] Embed Pods Frameworks";
			outputFileListPaths = (
			);
			outputPaths = (
				"${TARGET_BUILD_DIR}/${FRAMEWORKS_FOLDER_PATH}/Alamofire.framework",
				"${TARGET_BUILD_DIR}/${FRAMEWORKS_FOLDER_PATH}/AlamofireImage.framework",
			);
			runOnlyForDeploymentPostprocessing = 0;
			shellPath = /bin/sh;
			shellScript = "\"${PODS_ROOT}/Target Support Files/Pods-assignment1/Pods-assignment1-frameworks.sh\"\n";
			showEnvVarsInLog = 0;
		};
		7E098D575D158104D2C53C82 /* [CP] Check Pods Manifest.lock */ = {
			isa = PBXShellScriptBuildPhase;
			buildActionMask = 2147483647;
			files = (
			);
			inputFileListPaths = (
			);
			inputPaths = (
				"${PODS_PODFILE_DIR_PATH}/Podfile.lock",
				"${PODS_ROOT}/Manifest.lock",
			);
			name = "[CP] Check Pods Manifest.lock";
			outputFileListPaths = (
			);
			outputPaths = (
				"$(DERIVED_FILE_DIR)/Pods-assignment1-checkManifestLockResult.txt",
			);
			runOnlyForDeploymentPostprocessing = 0;
			shellPath = /bin/sh;
			shellScript = "diff \"${PODS_PODFILE_DIR_PATH}/Podfile.lock\" \"${PODS_ROOT}/Manifest.lock\" > /dev/null\nif [ $? != 0 ] ; then\n    # print error to STDERR\n    echo \"error: The sandbox is not in sync with the Podfile.lock. Run 'pod install' or update your CocoaPods installation.\" >&2\n    exit 1\nfi\n# This output is used by Xcode 'outputs' to avoid re-running this script phase.\necho \"SUCCESS\" > \"${SCRIPT_OUTPUT_FILE_0}\"\n";
			showEnvVarsInLog = 0;
		};
/* End PBXShellScriptBuildPhase section */

/* Begin PBXSourcesBuildPhase section */
		1545AEFE2353A7DA000A80B3 /* Sources */ = {
			isa = PBXSourcesBuildPhase;
			buildActionMask = 2147483647;
			files = (
				1545AF062353A7DA000A80B3 /* AppDelegate.swift in Sources */,
				1545AF1A2353AA8D000A80B3 /* FlixViewController.swift in Sources */,
				1545AF1C2353B52F000A80B3 /* MovieTableViewCell.swift in Sources */,
				157C6AB6236288F50086872A /* MoviesDetailsViewController.swift in Sources */,
				1545AF082353A7DA000A80B3 /* SceneDelegate.swift in Sources */,
			);
			runOnlyForDeploymentPostprocessing = 0;
		};
/* End PBXSourcesBuildPhase section */

/* Begin PBXVariantGroup section */
		1545AF0B2353A7DA000A80B3 /* Main.storyboard */ = {
			isa = PBXVariantGroup;
			children = (
				1545AF0C2353A7DA000A80B3 /* Base */,
			);
			name = Main.storyboard;
			sourceTree = "<group>";
		};
		1545AF102353A7DA000A80B3 /* LaunchScreen.storyboard */ = {
			isa = PBXVariantGroup;
			children = (
				1545AF112353A7DA000A80B3 /* Base */,
			);
			name = LaunchScreen.storyboard;
			sourceTree = "<group>";
		};
/* End PBXVariantGroup section */

/* Begin XCBuildConfiguration section */
		1545AF142353A7DA000A80B3 /* Debug */ = {
			isa = XCBuildConfiguration;
			buildSettings = {
				ALWAYS_SEARCH_USER_PATHS = NO;
				CLANG_ANALYZER_NONNULL = YES;
				CLANG_ANALYZER_NUMBER_OBJECT_CONVERSION = YES_AGGRESSIVE;
				CLANG_CXX_LANGUAGE_STANDARD = "gnu++14";
				CLANG_CXX_LIBRARY = "libc++";
				CLANG_ENABLE_MODULES = YES;
				CLANG_ENABLE_OBJC_ARC = YES;
				CLANG_ENABLE_OBJC_WEAK = YES;
				CLANG_WARN_BLOCK_CAPTURE_AUTORELEASING = YES;
				CLANG_WARN_BOOL_CONVERSION = YES;
				CLANG_WARN_COMMA = YES;
				CLANG_WARN_CONSTANT_CONVERSION = YES;
				CLANG_WARN_DEPRECATED_OBJC_IMPLEMENTATIONS = YES;
				CLANG_WARN_DIRECT_OBJC_ISA_USAGE = YES_ERROR;
				CLANG_WARN_DOCUMENTATION_COMMENTS = YES;
				CLANG_WARN_EMPTY_BODY = YES;
				CLANG_WARN_ENUM_CONVERSION = YES;
				CLANG_WARN_INFINITE_RECURSION = YES;
				CLANG_WARN_INT_CONVERSION = YES;
				CLANG_WARN_NON_LITERAL_NULL_CONVERSION = YES;
				CLANG_WARN_OBJC_IMPLICIT_RETAIN_SELF = YES;
				CLANG_WARN_OBJC_LITERAL_CONVERSION = YES;
				CLANG_WARN_OBJC_ROOT_CLASS = YES_ERROR;
				CLANG_WARN_RANGE_LOOP_ANALYSIS = YES;
				CLANG_WARN_STRICT_PROTOTYPES = YES;
				CLANG_WARN_SUSPICIOUS_MOVE = YES;
				CLANG_WARN_UNGUARDED_AVAILABILITY = YES_AGGRESSIVE;
				CLANG_WARN_UNREACHABLE_CODE = YES;
				CLANG_WARN__DUPLICATE_METHOD_MATCH = YES;
				COPY_PHASE_STRIP = NO;
				DEBUG_INFORMATION_FORMAT = dwarf;
				ENABLE_STRICT_OBJC_MSGSEND = YES;
				ENABLE_TESTABILITY = YES;
				GCC_C_LANGUAGE_STANDARD = gnu11;
				GCC_DYNAMIC_NO_PIC = NO;
				GCC_NO_COMMON_BLOCKS = YES;
				GCC_OPTIMIZATION_LEVEL = 0;
				GCC_PREPROCESSOR_DEFINITIONS = (
					"DEBUG=1",
					"$(inherited)",
				);
				GCC_WARN_64_TO_32_BIT_CONVERSION = YES;
				GCC_WARN_ABOUT_RETURN_TYPE = YES_ERROR;
				GCC_WARN_UNDECLARED_SELECTOR = YES;
				GCC_WARN_UNINITIALIZED_AUTOS = YES_AGGRESSIVE;
				GCC_WARN_UNUSED_FUNCTION = YES;
				GCC_WARN_UNUSED_VARIABLE = YES;
				IPHONEOS_DEPLOYMENT_TARGET = 13.1;
				MTL_ENABLE_DEBUG_INFO = INCLUDE_SOURCE;
				MTL_FAST_MATH = YES;
				ONLY_ACTIVE_ARCH = YES;
				SDKROOT = iphoneos;
				SWIFT_ACTIVE_COMPILATION_CONDITIONS = DEBUG;
				SWIFT_OPTIMIZATION_LEVEL = "-Onone";
			};
			name = Debug;
		};
		1545AF152353A7DA000A80B3 /* Release */ = {
			isa = XCBuildConfiguration;
			buildSettings = {
				ALWAYS_SEARCH_USER_PATHS = NO;
				CLANG_ANALYZER_NONNULL = YES;
				CLANG_ANALYZER_NUMBER_OBJECT_CONVERSION = YES_AGGRESSIVE;
				CLANG_CXX_LANGUAGE_STANDARD = "gnu++14";
				CLANG_CXX_LIBRARY = "libc++";
				CLANG_ENABLE_MODULES = YES;
				CLANG_ENABLE_OBJC_ARC = YES;
				CLANG_ENABLE_OBJC_WEAK = YES;
				CLANG_WARN_BLOCK_CAPTURE_AUTORELEASING = YES;
				CLANG_WARN_BOOL_CONVERSION = YES;
				CLANG_WARN_COMMA = YES;
				CLANG_WARN_CONSTANT_CONVERSION = YES;
				CLANG_WARN_DEPRECATED_OBJC_IMPLEMENTATIONS = YES;
				CLANG_WARN_DIRECT_OBJC_ISA_USAGE = YES_ERROR;
				CLANG_WARN_DOCUMENTATION_COMMENTS = YES;
				CLANG_WARN_EMPTY_BODY = YES;
				CLANG_WARN_ENUM_CONVERSION = YES;
				CLANG_WARN_INFINITE_RECURSION = YES;
				CLANG_WARN_INT_CONVERSION = YES;
				CLANG_WARN_NON_LITERAL_NULL_CONVERSION = YES;
				CLANG_WARN_OBJC_IMPLICIT_RETAIN_SELF = YES;
				CLANG_WARN_OBJC_LITERAL_CONVERSION = YES;
				CLANG_WARN_OBJC_ROOT_CLASS = YES_ERROR;
				CLANG_WARN_RANGE_LOOP_ANALYSIS = YES;
				CLANG_WARN_STRICT_PROTOTYPES = YES;
				CLANG_WARN_SUSPICIOUS_MOVE = YES;
				CLANG_WARN_UNGUARDED_AVAILABILITY = YES_AGGRESSIVE;
				CLANG_WARN_UNREACHABLE_CODE = YES;
				CLANG_WARN__DUPLICATE_METHOD_MATCH = YES;
				COPY_PHASE_STRIP = NO;
				DEBUG_INFORMATION_FORMAT = "dwarf-with-dsym";
				ENABLE_NS_ASSERTIONS = NO;
				ENABLE_STRICT_OBJC_MSGSEND = YES;
				GCC_C_LANGUAGE_STANDARD = gnu11;
				GCC_NO_COMMON_BLOCKS = YES;
				GCC_WARN_64_TO_32_BIT_CONVERSION = YES;
				GCC_WARN_ABOUT_RETURN_TYPE = YES_ERROR;
				GCC_WARN_UNDECLARED_SELECTOR = YES;
				GCC_WARN_UNINITIALIZED_AUTOS = YES_AGGRESSIVE;
				GCC_WARN_UNUSED_FUNCTION = YES;
				GCC_WARN_UNUSED_VARIABLE = YES;
				IPHONEOS_DEPLOYMENT_TARGET = 13.1;
				MTL_ENABLE_DEBUG_INFO = NO;
				MTL_FAST_MATH = YES;
				SDKROOT = iphoneos;
				SWIFT_COMPILATION_MODE = wholemodule;
				SWIFT_OPTIMIZATION_LEVEL = "-O";
				VALIDATE_PRODUCT = YES;
			};
			name = Release;
		};
		1545AF172353A7DA000A80B3 /* Debug */ = {
			isa = XCBuildConfiguration;
			baseConfigurationReference = AB6F4B0DBDA4C7A663E56A64 /* Pods-assignment1.debug.xcconfig */;
			buildSettings = {
				ASSETCATALOG_COMPILER_APPICON_NAME = AppIcon;
				CODE_SIGN_STYLE = Automatic;
				DEVELOPMENT_TEAM = 3APGP46Y85;
				INFOPLIST_FILE = assignment1/Info.plist;
				LD_RUNPATH_SEARCH_PATHS = (
					"$(inherited)",
					"@executable_path/Frameworks",
				);
				PRODUCT_BUNDLE_IDENTIFIER = com.assignment1.assignment1;
				PRODUCT_NAME = "$(TARGET_NAME)";
				SWIFT_VERSION = 5.0;
				TARGETED_DEVICE_FAMILY = "1,2";
			};
			name = Debug;
		};
		1545AF182353A7DA000A80B3 /* Release */ = {
			isa = XCBuildConfiguration;
			baseConfigurationReference = 03B4F1F1D47FF4E671C0539B /* Pods-assignment1.release.xcconfig */;
			buildSettings = {
				ASSETCATALOG_COMPILER_APPICON_NAME = AppIcon;
				CODE_SIGN_STYLE = Automatic;
				DEVELOPMENT_TEAM = 3APGP46Y85;
				INFOPLIST_FILE = assignment1/Info.plist;
				LD_RUNPATH_SEARCH_PATHS = (
					"$(inherited)",
					"@executable_path/Frameworks",
				);
				PRODUCT_BUNDLE_IDENTIFIER = com.assignment1.assignment1;
				PRODUCT_NAME = "$(TARGET_NAME)";
				SWIFT_VERSION = 5.0;
				TARGETED_DEVICE_FAMILY = "1,2";
			};
			name = Release;
		};
/* End XCBuildConfiguration section */

/* Begin XCConfigurationList section */
		1545AEFD2353A7DA000A80B3 /* Build configuration list for PBXProject "assignment1" */ = {
			isa = XCConfigurationList;
			buildConfigurations = (
				1545AF142353A7DA000A80B3 /* Debug */,
				1545AF152353A7DA000A80B3 /* Release */,
			);
			defaultConfigurationIsVisible = 0;
			defaultConfigurationName = Release;
		};
		1545AF162353A7DA000A80B3 /* Build configuration list for PBXNativeTarget "assignment1" */ = {
			isa = XCConfigurationList;
			buildConfigurations = (
				1545AF172353A7DA000A80B3 /* Debug */,
				1545AF182353A7DA000A80B3 /* Release */,
			);
			defaultConfigurationIsVisible = 0;
			defaultConfigurationName = Release;
		};
/* End XCConfigurationList section */
	};
	rootObject = 1545AEFA2353A7DA000A80B3 /* Project object */;
}
